// !$*UTF8*$!
{
	archiveVersion = 1;
	classes = {
	};
	objectVersion = 50;
	objects = {

/* Begin PBXBuildFile section */
		7B830856265CAF48005CE9EF /* MicApp.swift in Sources */ = {isa = PBXBuildFile; fileRef = 7B830855265CAF48005CE9EF /* MicApp.swift */; };
		7B830858265CAF48005CE9EF /* ContentView.swift in Sources */ = {isa = PBXBuildFile; fileRef = 7B830857265CAF48005CE9EF /* ContentView.swift */; };
		7B83085A265CAF49005CE9EF /* Assets.xcassets in Resources */ = {isa = PBXBuildFile; fileRef = 7B830859265CAF49005CE9EF /* Assets.xcassets */; };
		7B83085D265CAF49005CE9EF /* Preview Assets.xcassets in Resources */ = {isa = PBXBuildFile; fileRef = 7B83085C265CAF49005CE9EF /* Preview Assets.xcassets */; };
		7B830865265CB138005CE9EF /* AudioRecorder.swift in Sources */ = {isa = PBXBuildFile; fileRef = 7B830864265CB138005CE9EF /* AudioRecorder.swift */; };
		7B830867265CB28E005CE9EF /* Listview.swift in Sources */ = {isa = PBXBuildFile; fileRef = 7B830866265CB28E005CE9EF /* Listview.swift */; };
		7B830869265CB816005CE9EF /* Recording.swift in Sources */ = {isa = PBXBuildFile; fileRef = 7B830868265CB816005CE9EF /* Recording.swift */; };
		7B83086B265CB8AB005CE9EF /* Helper.swift in Sources */ = {isa = PBXBuildFile; fileRef = 7B83086A265CB8AB005CE9EF /* Helper.swift */; };
		7B83086D265CB9E8005CE9EF /* AudioPlayer.swift in Sources */ = {isa = PBXBuildFile; fileRef = 7B83086C265CB9E8005CE9EF /* AudioPlayer.swift */; };
		7B8F399D26620054000765F6 /* AirplayView.swift in Sources */ = {isa = PBXBuildFile; fileRef = 7B8F399C26620054000765F6 /* AirplayView.swift */; };
		7B8F399F26624FF8000765F6 /* BottomSheetView.swift in Sources */ = {isa = PBXBuildFile; fileRef = 7B8F399E26624FF8000765F6 /* BottomSheetView.swift */; };
		7B93F5A026AD7A3E00F0384C /* Tab1MainView.swift in Sources */ = {isa = PBXBuildFile; fileRef = 7B93F59F26AD7A3E00F0384C /* Tab1MainView.swift */; };
		7B93F5A226AD7A5400F0384C /* Tab2SpeakupView.swift in Sources */ = {isa = PBXBuildFile; fileRef = 7B93F5A126AD7A5400F0384C /* Tab2SpeakupView.swift */; };
		7B93F5A426ADDD5E00F0384C /* TranscriptsListView.swift in Sources */ = {isa = PBXBuildFile; fileRef = 7B93F5A326ADDD5E00F0384C /* TranscriptsListView.swift */; };
		7BBAE40E26B6552F0052430F /* ListRowView.swift in Sources */ = {isa = PBXBuildFile; fileRef = 7BBAE40D26B6552F0052430F /* ListRowView.swift */; };
/* End PBXBuildFile section */

/* Begin PBXFileReference section */
		7B830852265CAF48005CE9EF /* Mic.app */ = {isa = PBXFileReference; explicitFileType = wrapper.application; includeInIndex = 0; path = Mic.app; sourceTree = BUILT_PRODUCTS_DIR; };
		7B830855265CAF48005CE9EF /* MicApp.swift */ = {isa = PBXFileReference; lastKnownFileType = sourcecode.swift; path = MicApp.swift; sourceTree = "<group>"; };
		7B830857265CAF48005CE9EF /* ContentView.swift */ = {isa = PBXFileReference; lastKnownFileType = sourcecode.swift; path = ContentView.swift; sourceTree = "<group>"; };
		7B830859265CAF49005CE9EF /* Assets.xcassets */ = {isa = PBXFileReference; lastKnownFileType = folder.assetcatalog; path = Assets.xcassets; sourceTree = "<group>"; };
		7B83085C265CAF49005CE9EF /* Preview Assets.xcassets */ = {isa = PBXFileReference; lastKnownFileType = folder.assetcatalog; path = "Preview Assets.xcassets"; sourceTree = "<group>"; };
		7B83085E265CAF49005CE9EF /* Info.plist */ = {isa = PBXFileReference; lastKnownFileType = text.plist.xml; path = Info.plist; sourceTree = "<group>"; };
		7B830864265CB138005CE9EF /* AudioRecorder.swift */ = {isa = PBXFileReference; lastKnownFileType = sourcecode.swift; path = AudioRecorder.swift; sourceTree = "<group>"; };
		7B830866265CB28E005CE9EF /* Listview.swift */ = {isa = PBXFileReference; lastKnownFileType = sourcecode.swift; path = Listview.swift; sourceTree = "<group>"; };
		7B830868265CB816005CE9EF /* Recording.swift */ = {isa = PBXFileReference; lastKnownFileType = sourcecode.swift; path = Recording.swift; sourceTree = "<group>"; };
		7B83086A265CB8AB005CE9EF /* Helper.swift */ = {isa = PBXFileReference; lastKnownFileType = sourcecode.swift; path = Helper.swift; sourceTree = "<group>"; };
		7B83086C265CB9E8005CE9EF /* AudioPlayer.swift */ = {isa = PBXFileReference; lastKnownFileType = sourcecode.swift; path = AudioPlayer.swift; sourceTree = "<group>"; };
		7B8F399C26620054000765F6 /* AirplayView.swift */ = {isa = PBXFileReference; lastKnownFileType = sourcecode.swift; path = AirplayView.swift; sourceTree = "<group>"; };
		7B8F399E26624FF8000765F6 /* BottomSheetView.swift */ = {isa = PBXFileReference; lastKnownFileType = sourcecode.swift; path = BottomSheetView.swift; sourceTree = "<group>"; };
		7B93F59F26AD7A3E00F0384C /* Tab1MainView.swift */ = {isa = PBXFileReference; lastKnownFileType = sourcecode.swift; path = Tab1MainView.swift; sourceTree = "<group>"; };
		7B93F5A126AD7A5400F0384C /* Tab2SpeakupView.swift */ = {isa = PBXFileReference; lastKnownFileType = sourcecode.swift; path = Tab2SpeakupView.swift; sourceTree = "<group>"; };
		7B93F5A326ADDD5E00F0384C /* TranscriptsListView.swift */ = {isa = PBXFileReference; lastKnownFileType = sourcecode.swift; path = TranscriptsListView.swift; sourceTree = "<group>"; };
		7BA49A6D2664D6960044F518 /* Mic.entitlements */ = {isa = PBXFileReference; lastKnownFileType = text.plist.entitlements; path = Mic.entitlements; sourceTree = "<group>"; };
		7BBAE40D26B6552F0052430F /* ListRowView.swift */ = {isa = PBXFileReference; lastKnownFileType = sourcecode.swift; path = ListRowView.swift; sourceTree = "<group>"; };
/* End PBXFileReference section */

/* Begin PBXFrameworksBuildPhase section */
		7B83084F265CAF48005CE9EF /* Frameworks */ = {
			isa = PBXFrameworksBuildPhase;
			buildActionMask = 2147483647;
			files = (
			);
			runOnlyForDeploymentPostprocessing = 0;
		};
/* End PBXFrameworksBuildPhase section */

/* Begin PBXGroup section */
		7B830849265CAF48005CE9EF = {
			isa = PBXGroup;
			children = (
				7B830854265CAF48005CE9EF /* Mic */,
				7B830853265CAF48005CE9EF /* Products */,
			);
			sourceTree = "<group>";
		};
		7B830853265CAF48005CE9EF /* Products */ = {
			isa = PBXGroup;
			children = (
				7B830852265CAF48005CE9EF /* Mic.app */,
			);
			name = Products;
			sourceTree = "<group>";
		};
		7B830854265CAF48005CE9EF /* Mic */ = {
			isa = PBXGroup;
			children = (
				7BABA2B5266658740033344E /* Controllers */,
				7BABA2B4266658600033344E /* Views */,
				7BABA2B3266658560033344E /* Models */,
				7BA49A6D2664D6960044F518 /* Mic.entitlements */,
				7B830855265CAF48005CE9EF /* MicApp.swift */,
				7B830859265CAF49005CE9EF /* Assets.xcassets */,
				7B83085E265CAF49005CE9EF /* Info.plist */,
				7B83085B265CAF49005CE9EF /* Preview Content */,
			);
			path = Mic;
			sourceTree = "<group>";
		};
		7B83085B265CAF49005CE9EF /* Preview Content */ = {
			isa = PBXGroup;
			children = (
				7B83085C265CAF49005CE9EF /* Preview Assets.xcassets */,
			);
			path = "Preview Content";
			sourceTree = "<group>";
		};
		7BABA2B3266658560033344E /* Models */ = {
			isa = PBXGroup;
			children = (
				7B830868265CB816005CE9EF /* Recording.swift */,
			);
			path = Models;
			sourceTree = "<group>";
		};
		7BABA2B4266658600033344E /* Views */ = {
			isa = PBXGroup;
			children = (
				7B830857265CAF48005CE9EF /* ContentView.swift */,
				7B830866265CB28E005CE9EF /* Listview.swift */,
				7B8F399C26620054000765F6 /* AirplayView.swift */,
				7B8F399E26624FF8000765F6 /* BottomSheetView.swift */,
				7B93F59F26AD7A3E00F0384C /* Tab1MainView.swift */,
				7B93F5A126AD7A5400F0384C /* Tab2SpeakupView.swift */,
				7B93F5A326ADDD5E00F0384C /* TranscriptsListView.swift */,
				7BBAE40D26B6552F0052430F /* ListRowView.swift */,
			);
			path = Views;
			sourceTree = "<group>";
		};
		7BABA2B5266658740033344E /* Controllers */ = {
			isa = PBXGroup;
			children = (
				7B830864265CB138005CE9EF /* AudioRecorder.swift */,
				7B83086C265CB9E8005CE9EF /* AudioPlayer.swift */,
				7B83086A265CB8AB005CE9EF /* Helper.swift */,
			);
			path = Controllers;
			sourceTree = "<group>";
		};
/* End PBXGroup section */

/* Begin PBXNativeTarget section */
		7B830851265CAF48005CE9EF /* Mic */ = {
			isa = PBXNativeTarget;
			buildConfigurationList = 7B830861265CAF49005CE9EF /* Build configuration list for PBXNativeTarget "Mic" */;
			buildPhases = (
				7B83084E265CAF48005CE9EF /* Sources */,
				7B83084F265CAF48005CE9EF /* Frameworks */,
				7B830850265CAF48005CE9EF /* Resources */,
			);
			buildRules = (
			);
			dependencies = (
			);
			name = Mic;
			productName = Mic;
			productReference = 7B830852265CAF48005CE9EF /* Mic.app */;
			productType = "com.apple.product-type.application";
		};
/* End PBXNativeTarget section */

/* Begin PBXProject section */
		7B83084A265CAF48005CE9EF /* Project object */ = {
			isa = PBXProject;
			attributes = {
				LastSwiftUpdateCheck = 1250;
				LastUpgradeCheck = 1250;
				TargetAttributes = {
					7B830851265CAF48005CE9EF = {
						CreatedOnToolsVersion = 12.5;
					};
				};
			};
			buildConfigurationList = 7B83084D265CAF48005CE9EF /* Build configuration list for PBXProject "Mic" */;
			compatibilityVersion = "Xcode 9.3";
			developmentRegion = en;
			hasScannedForEncodings = 0;
			knownRegions = (
				en,
				Base,
			);
			mainGroup = 7B830849265CAF48005CE9EF;
			productRefGroup = 7B830853265CAF48005CE9EF /* Products */;
			projectDirPath = "";
			projectRoot = "";
			targets = (
				7B830851265CAF48005CE9EF /* Mic */,
			);
		};
/* End PBXProject section */

/* Begin PBXResourcesBuildPhase section */
		7B830850265CAF48005CE9EF /* Resources */ = {
			isa = PBXResourcesBuildPhase;
			buildActionMask = 2147483647;
			files = (
				7B83085D265CAF49005CE9EF /* Preview Assets.xcassets in Resources */,
				7B83085A265CAF49005CE9EF /* Assets.xcassets in Resources */,
			);
			runOnlyForDeploymentPostprocessing = 0;
		};
/* End PBXResourcesBuildPhase section */

/* Begin PBXSourcesBuildPhase section */
		7B83084E265CAF48005CE9EF /* Sources */ = {
			isa = PBXSourcesBuildPhase;
			buildActionMask = 2147483647;
			files = (
				7B93F5A426ADDD5E00F0384C /* TranscriptsListView.swift in Sources */,
				7B830867265CB28E005CE9EF /* Listview.swift in Sources */,
				7B8F399D26620054000765F6 /* AirplayView.swift in Sources */,
				7B8F399F26624FF8000765F6 /* BottomSheetView.swift in Sources */,
				7B93F5A026AD7A3E00F0384C /* Tab1MainView.swift in Sources */,
				7B830865265CB138005CE9EF /* AudioRecorder.swift in Sources */,
				7BBAE40E26B6552F0052430F /* ListRowView.swift in Sources */,
				7B830858265CAF48005CE9EF /* ContentView.swift in Sources */,
				7B830856265CAF48005CE9EF /* MicApp.swift in Sources */,
				7B830869265CB816005CE9EF /* Recording.swift in Sources */,
				7B93F5A226AD7A5400F0384C /* Tab2SpeakupView.swift in Sources */,
				7B83086B265CB8AB005CE9EF /* Helper.swift in Sources */,
				7B83086D265CB9E8005CE9EF /* AudioPlayer.swift in Sources */,
			);
			runOnlyForDeploymentPostprocessing = 0;
		};
/* End PBXSourcesBuildPhase section */

/* Begin XCBuildConfiguration section */
		7B83085F265CAF49005CE9EF /* Debug */ = {
			isa = XCBuildConfiguration;
			buildSettings = {
				ALWAYS_SEARCH_USER_PATHS = NO;
				CLANG_ANALYZER_NONNULL = YES;
				CLANG_ANALYZER_NUMBER_OBJECT_CONVERSION = YES_AGGRESSIVE;
				CLANG_CXX_LANGUAGE_STANDARD = "gnu++14";
				CLANG_CXX_LIBRARY = "libc++";
				CLANG_ENABLE_MODULES = YES;
				CLANG_ENABLE_OBJC_ARC = YES;
				CLANG_ENABLE_OBJC_WEAK = YES;
				CLANG_WARN_BLOCK_CAPTURE_AUTORELEASING = YES;
				CLANG_WARN_BOOL_CONVERSION = YES;
				CLANG_WARN_COMMA = YES;
				CLANG_WARN_CONSTANT_CONVERSION = YES;
				CLANG_WARN_DEPRECATED_OBJC_IMPLEMENTATIONS = YES;
				CLANG_WARN_DIRECT_OBJC_ISA_USAGE = YES_ERROR;
				CLANG_WARN_DOCUMENTATION_COMMENTS = YES;
				CLANG_WARN_EMPTY_BODY = YES;
				CLANG_WARN_ENUM_CONVERSION = YES;
				CLANG_WARN_INFINITE_RECURSION = YES;
				CLANG_WARN_INT_CONVERSION = YES;
				CLANG_WARN_NON_LITERAL_NULL_CONVERSION = YES;
				CLANG_WARN_OBJC_IMPLICIT_RETAIN_SELF = YES;
				CLANG_WARN_OBJC_LITERAL_CONVERSION = YES;
				CLANG_WARN_OBJC_ROOT_CLASS = YES_ERROR;
				CLANG_WARN_QUOTED_INCLUDE_IN_FRAMEWORK_HEADER = YES;
				CLANG_WARN_RANGE_LOOP_ANALYSIS = YES;
				CLANG_WARN_STRICT_PROTOTYPES = YES;
				CLANG_WARN_SUSPICIOUS_MOVE = YES;
				CLANG_WARN_UNGUARDED_AVAILABILITY = YES_AGGRESSIVE;
				CLANG_WARN_UNREACHABLE_CODE = YES;
				CLANG_WARN__DUPLICATE_METHOD_MATCH = YES;
				COPY_PHASE_STRIP = NO;
				DEBUG_INFORMATION_FORMAT = dwarf;
				ENABLE_STRICT_OBJC_MSGSEND = YES;
				ENABLE_TESTABILITY = YES;
				GCC_C_LANGUAGE_STANDARD = gnu11;
				GCC_DYNAMIC_NO_PIC = NO;
				GCC_NO_COMMON_BLOCKS = YES;
				GCC_OPTIMIZATION_LEVEL = 0;
				GCC_PREPROCESSOR_DEFINITIONS = (
					"DEBUG=1",
					"$(inherited)",
				);
				GCC_WARN_64_TO_32_BIT_CONVERSION = YES;
				GCC_WARN_ABOUT_RETURN_TYPE = YES_ERROR;
				GCC_WARN_UNDECLARED_SELECTOR = YES;
				GCC_WARN_UNINITIALIZED_AUTOS = YES_AGGRESSIVE;
				GCC_WARN_UNUSED_FUNCTION = YES;
				GCC_WARN_UNUSED_VARIABLE = YES;
				IPHONEOS_DEPLOYMENT_TARGET = 14.5;
				MTL_ENABLE_DEBUG_INFO = INCLUDE_SOURCE;
				MTL_FAST_MATH = YES;
				ONLY_ACTIVE_ARCH = YES;
				SDKROOT = iphoneos;
				SWIFT_ACTIVE_COMPILATION_CONDITIONS = DEBUG;
				SWIFT_OPTIMIZATION_LEVEL = "-Onone";
			};
			name = Debug;
		};
		7B830860265CAF49005CE9EF /* Release */ = {
			isa = XCBuildConfiguration;
			buildSettings = {
				ALWAYS_SEARCH_USER_PATHS = NO;
				CLANG_ANALYZER_NONNULL = YES;
				CLANG_ANALYZER_NUMBER_OBJECT_CONVERSION = YES_AGGRESSIVE;
				CLANG_CXX_LANGUAGE_STANDARD = "gnu++14";
				CLANG_CXX_LIBRARY = "libc++";
				CLANG_ENABLE_MODULES = YES;
				CLANG_ENABLE_OBJC_ARC = YES;
				CLANG_ENABLE_OBJC_WEAK = YES;
				CLANG_WARN_BLOCK_CAPTURE_AUTORELEASING = YES;
				CLANG_WARN_BOOL_CONVERSION = YES;
				CLANG_WARN_COMMA = YES;
				CLANG_WARN_CONSTANT_CONVERSION = YES;
				CLANG_WARN_DEPRECATED_OBJC_IMPLEMENTATIONS = YES;
				CLANG_WARN_DIRECT_OBJC_ISA_USAGE = YES_ERROR;
				CLANG_WARN_DOCUMENTATION_COMMENTS = YES;
				CLANG_WARN_EMPTY_BODY = YES;
				CLANG_WARN_ENUM_CONVERSION = YES;
				CLANG_WARN_INFINITE_RECURSION = YES;
				CLANG_WARN_INT_CONVERSION = YES;
				CLANG_WARN_NON_LITERAL_NULL_CONVERSION = YES;
				CLANG_WARN_OBJC_IMPLICIT_RETAIN_SELF = YES;
				CLANG_WARN_OBJC_LITERAL_CONVERSION = YES;
				CLANG_WARN_OBJC_ROOT_CLASS = YES_ERROR;
				CLANG_WARN_QUOTED_INCLUDE_IN_FRAMEWORK_HEADER = YES;
				CLANG_WARN_RANGE_LOOP_ANALYSIS = YES;
				CLANG_WARN_STRICT_PROTOTYPES = YES;
				CLANG_WARN_SUSPICIOUS_MOVE = YES;
				CLANG_WARN_UNGUARDED_AVAILABILITY = YES_AGGRESSIVE;
				CLANG_WARN_UNREACHABLE_CODE = YES;
				CLANG_WARN__DUPLICATE_METHOD_MATCH = YES;
				COPY_PHASE_STRIP = NO;
				DEBUG_INFORMATION_FORMAT = "dwarf-with-dsym";
				ENABLE_NS_ASSERTIONS = NO;
				ENABLE_STRICT_OBJC_MSGSEND = YES;
				GCC_C_LANGUAGE_STANDARD = gnu11;
				GCC_NO_COMMON_BLOCKS = YES;
				GCC_WARN_64_TO_32_BIT_CONVERSION = YES;
				GCC_WARN_ABOUT_RETURN_TYPE = YES_ERROR;
				GCC_WARN_UNDECLARED_SELECTOR = YES;
				GCC_WARN_UNINITIALIZED_AUTOS = YES_AGGRESSIVE;
				GCC_WARN_UNUSED_FUNCTION = YES;
				GCC_WARN_UNUSED_VARIABLE = YES;
				IPHONEOS_DEPLOYMENT_TARGET = 14.5;
				MTL_ENABLE_DEBUG_INFO = NO;
				MTL_FAST_MATH = YES;
				SDKROOT = iphoneos;
				SWIFT_COMPILATION_MODE = wholemodule;
				SWIFT_OPTIMIZATION_LEVEL = "-O";
				VALIDATE_PRODUCT = YES;
			};
			name = Release;
		};
		7B830862265CAF49005CE9EF /* Debug */ = {
			isa = XCBuildConfiguration;
			buildSettings = {
				ASSETCATALOG_COMPILER_APPICON_NAME = AppIcon;
				ASSETCATALOG_COMPILER_GLOBAL_ACCENT_COLOR_NAME = AccentColor;
				CODE_SIGN_ENTITLEMENTS = Mic/Mic.entitlements;
				CODE_SIGN_STYLE = Automatic;
				DEVELOPMENT_ASSET_PATHS = "\"Mic/Preview Content\"";
				DEVELOPMENT_TEAM = 522LP8JL6D;
				ENABLE_PREVIEWS = YES;
				INFOPLIST_FILE = Mic/Info.plist;
				IPHONEOS_DEPLOYMENT_TARGET = 14.0;
				LD_RUNPATH_SEARCH_PATHS = (
					"$(inherited)",
					"@executable_path/Frameworks",
				);
				PRODUCT_BUNDLE_IDENTIFIER = com.lalith.Mic;
				PRODUCT_NAME = "$(TARGET_NAME)";
				SUPPORTS_MACCATALYST = NO;
				SWIFT_VERSION = 5.0;
				TARGETED_DEVICE_FAMILY = "1,2";
			};
			name = Debug;
		};
		7B830863265CAF49005CE9EF /* Release */ = {
			isa = XCBuildConfiguration;
			buildSettings = {
				ASSETCATALOG_COMPILER_APPICON_NAME = AppIcon;
				ASSETCATALOG_COMPILER_GLOBAL_ACCENT_COLOR_NAME = AccentColor;
				CODE_SIGN_ENTITLEMENTS = Mic/Mic.entitlements;
				CODE_SIGN_STYLE = Automatic;
				DEVELOPMENT_ASSET_PATHS = "\"Mic/Preview Content\"";
				DEVELOPMENT_TEAM = 522LP8JL6D;
				ENABLE_PREVIEWS = YES;
				INFOPLIST_FILE = Mic/Info.plist;
				IPHONEOS_DEPLOYMENT_TARGET = 14.0;
				LD_RUNPATH_SEARCH_PATHS = (
					"$(inherited)",
					"@executable_path/Frameworks",
				);
				PRODUCT_BUNDLE_IDENTIFIER = com.lalith.Mic;
				PRODUCT_NAME = "$(TARGET_NAME)";
				SUPPORTS_MACCATALYST = NO;
				SWIFT_VERSION = 5.0;
				TARGETED_DEVICE_FAMILY = "1,2";
			};
			name = Release;
		};
/* End XCBuildConfiguration section */

/* Begin XCConfigurationList section */
		7B83084D265CAF48005CE9EF /* Build configuration list for PBXProject "Mic" */ = {
			isa = XCConfigurationList;
			buildConfigurations = (
				7B83085F265CAF49005CE9EF /* Debug */,
				7B830860265CAF49005CE9EF /* Release */,
			);
			defaultConfigurationIsVisible = 0;
			defaultConfigurationName = Release;
		};
		7B830861265CAF49005CE9EF /* Build configuration list for PBXNativeTarget "Mic" */ = {
			isa = XCConfigurationList;
			buildConfigurations = (
				7B830862265CAF49005CE9EF /* Debug */,
				7B830863265CAF49005CE9EF /* Release */,
			);
			defaultConfigurationIsVisible = 0;
			defaultConfigurationName = Release;
		};
/* End XCConfigurationList section */
	};
	rootObject = 7B83084A265CAF48005CE9EF /* Project object */;
}
